{
    "_meta": {
        "hash": {
            "sha256": "fccc87ee10267230d59502c03f8c2d1d86a9917edf6d58cd85aec7f88b58d81d"
        },
        "pipfile-spec": 6,
        "requires": {
            "python_version": "3.7"
        },
        "sources": [
            {
                "name": "pypi",
                "url": "https://pypi.org/simple",
                "verify_ssl": true
            }
        ]
    },
    "default": {
        "bnmutils": {
            "hashes": [
                "sha256:09d4fe9ec208b7f244a7d1954fc36209b84a1b7bbb87d85dc2cc69cb2fbccaa0",
                "sha256:5ba31ba38f0aa99b559d2b5459edd69f30eb86a31d624b338e28cbdd8f2337df"
            ],
            "version": "==1.0.2"
        },
        "click": {
            "hashes": [
                "sha256:2335065e6395b9e67ca716de5f7526736bfa6ceead690adf616d925bdc622b13",
                "sha256:5b94b49521f6456670fdb30cd82a4eca9412788a93fa6dd6df72c94d5a8ff2d7"
            ],
            "version": "==7.0"
        },
        "logme": {
            "hashes": [
                "sha256:320006cf6c7898ca76698b48f9a40fb172bdafd713a1c942baaa70efcb6c7338",
                "sha256:c1f0a7f72750669fba500920aadcd10a665c3bc176425c0de97cdd7b5b19e65f"
            ],
            "index": "pypi",
            "version": "==1.3.2"
        }
    },
    "develop": {}
}
